
Microsoft Visual Studio Solution File, Format Version 12.00
# Visual Studio 15
VisualStudioVersion = 15.0.27130.2036
MinimumVisualStudioVersion = 10.0.40219.1
Project("{FAE04EC0-301F-11D3-BF4B-00C04F79EFBC}") = "LeagueShare", "WindowsFormsApp1\LeagueShare.csproj", "{38EF49EC-5836-4AE0-A70B-F459B92CF941}"
EndProject
Project("{FAE04EC0-301F-11D3-BF4B-00C04F79EFBC}") = "MenuVisibilityTests", "MenuVisibilityTests\MenuVisibilityTests.csproj", "{B93F3B5B-F2B9-46D7-B17C-F027DF731D7D}"
EndProject
Global
	GlobalSection(SolutionConfigurationPlatforms) = preSolution
		Debug|Any CPU = Debug|Any CPU
		Release|Any CPU = Release|Any CPU
	EndGlobalSection
	GlobalSection(ProjectConfigurationPlatforms) = postSolution
		{38EF49EC-5836-4AE0-A70B-F459B92CF941}.Debug|Any CPU.ActiveCfg = Debug|Any CPU
		{38EF49EC-5836-4AE0-A70B-F459B92CF941}.Debug|Any CPU.Build.0 = Debug|Any CPU
		{38EF49EC-5836-4AE0-A70B-F459B92CF941}.Release|Any CPU.ActiveCfg = Release|Any CPU
		{38EF49EC-5836-4AE0-A70B-F459B92CF941}.Release|Any CPU.Build.0 = Release|Any CPU
		{B93F3B5B-F2B9-46D7-B17C-F027DF731D7D}.Debug|Any CPU.ActiveCfg = Debug|Any CPU
		{B93F3B5B-F2B9-46D7-B17C-F027DF731D7D}.Debug|Any CPU.Build.0 = Debug|Any CPU
		{B93F3B5B-F2B9-46D7-B17C-F027DF731D7D}.Release|Any CPU.ActiveCfg = Release|Any CPU
		{B93F3B5B-F2B9-46D7-B17C-F027DF731D7D}.Release|Any CPU.Build.0 = Release|Any CPU
	EndGlobalSection
	GlobalSection(SolutionProperties) = preSolution
		HideSolutionNode = FALSE
	EndGlobalSection
	GlobalSection(ExtensibilityGlobals) = postSolution
		SolutionGuid = {C60471D6-7431-4448-A7A7-8D1718881887}
	EndGlobalSection
EndGlobal
